
Microsoft Visual Studio Solution File, Format Version 12.00
# Visual Studio Version 18
VisualStudioVersion = 18.5.11716.220
MinimumVisualStudioVersion = 10.0.40219.1
Project("{FAE04EC0-301F-11D3-BF4B-00C04F79EFBC}") = "ExifInOut", "ExifInOut\ExifInOut.csproj", "{68102052-3055-46D8-B10B-C5B59B5B5CA6}"
EndProject
Project("{2150E333-8FDC-42A3-9474-1A3956D46DE8}") = "Solution Items", "Solution Items", "{65F9F2A2-4D8B-4A96-A248-662DD45D00C4}"
	ProjectSection(SolutionItems) = preProject
		.editorconfig = .editorconfig
	EndProjectSection
EndProject
Project("{FAE04EC0-301F-11D3-BF4B-00C04F79EFBC}") = "Exif InOut", "Dekstop\Exif InOut.csproj", "{45809E2F-DC1C-F905-21D3-9C290BC3DF35}"
EndProject
Global
	GlobalSection(SolutionConfigurationPlatforms) = preSolution
		Debug|Any CPU = Debug|Any CPU
		Release|Any CPU = Release|Any CPU
	EndGlobalSection
	GlobalSection(ProjectConfigurationPlatforms) = postSolution
		{68102052-3055-46D8-B10B-C5B59B5B5CA6}.Debug|Any CPU.ActiveCfg = Debug|Any CPU
		{68102052-3055-46D8-B10B-C5B59B5B5CA6}.Debug|Any CPU.Build.0 = Debug|Any CPU
		{68102052-3055-46D8-B10B-C5B59B5B5CA6}.Release|Any CPU.ActiveCfg = Release|Any CPU
		{68102052-3055-46D8-B10B-C5B59B5B5CA6}.Release|Any CPU.Build.0 = Release|Any CPU
		{45809E2F-DC1C-F905-21D3-9C290BC3DF35}.Debug|Any CPU.ActiveCfg = Debug|Any CPU
		{45809E2F-DC1C-F905-21D3-9C290BC3DF35}.Debug|Any CPU.Build.0 = Debug|Any CPU
		{45809E2F-DC1C-F905-21D3-9C290BC3DF35}.Release|Any CPU.ActiveCfg = Release|Any CPU
		{45809E2F-DC1C-F905-21D3-9C290BC3DF35}.Release|Any CPU.Build.0 = Release|Any CPU
	EndGlobalSection
	GlobalSection(SolutionProperties) = preSolution
		HideSolutionNode = FALSE
	EndGlobalSection
	GlobalSection(ExtensibilityGlobals) = postSolution
		SolutionGuid = {68D9E154-D58A-4CF9-8917-68AAFC915CC1}
	EndGlobalSection
EndGlobal
