
Microsoft Visual Studio Solution File, Format Version 12.00
# Visual Studio Version 18
VisualStudioVersion = 18.5.11716.220 stable
MinimumVisualStudioVersion = 10.0.40219.1
Project("{FAE04EC0-301F-11D3-BF4B-00C04F79EFBC}") = "ExifTest", "ExifTest\ExifTest.csproj", "{FABCD2AD-701F-4871-8FF1-12C9407DF4B0}"
EndProject
Project("{FAE04EC0-301F-11D3-BF4B-00C04F79EFBC}") = "ExifInOut", "ExifInOut\ExifInOut.csproj", "{68102052-3055-46D8-B10B-C5B59B5B5CA6}"
EndProject
Project("{FAE04EC0-301F-11D3-BF4B-00C04F79EFBC}") = "Dekstop", "Dekstop\Dekstop.csproj", "{786915CE-D6EA-4821-AA36-F8E55C2A6CFE}"
EndProject
Global
	GlobalSection(SolutionConfigurationPlatforms) = preSolution
		Debug|Any CPU = Debug|Any CPU
		Release|Any CPU = Release|Any CPU
	EndGlobalSection
	GlobalSection(ProjectConfigurationPlatforms) = postSolution
		{FABCD2AD-701F-4871-8FF1-12C9407DF4B0}.Debug|Any CPU.ActiveCfg = Debug|Any CPU
		{FABCD2AD-701F-4871-8FF1-12C9407DF4B0}.Debug|Any CPU.Build.0 = Debug|Any CPU
		{FABCD2AD-701F-4871-8FF1-12C9407DF4B0}.Release|Any CPU.ActiveCfg = Release|Any CPU
		{FABCD2AD-701F-4871-8FF1-12C9407DF4B0}.Release|Any CPU.Build.0 = Release|Any CPU
		{68102052-3055-46D8-B10B-C5B59B5B5CA6}.Debug|Any CPU.ActiveCfg = Debug|Any CPU
		{68102052-3055-46D8-B10B-C5B59B5B5CA6}.Debug|Any CPU.Build.0 = Debug|Any CPU
		{68102052-3055-46D8-B10B-C5B59B5B5CA6}.Release|Any CPU.ActiveCfg = Release|Any CPU
		{68102052-3055-46D8-B10B-C5B59B5B5CA6}.Release|Any CPU.Build.0 = Release|Any CPU
		{786915CE-D6EA-4821-AA36-F8E55C2A6CFE}.Debug|Any CPU.ActiveCfg = Debug|Any CPU
		{786915CE-D6EA-4821-AA36-F8E55C2A6CFE}.Debug|Any CPU.Build.0 = Debug|Any CPU
		{786915CE-D6EA-4821-AA36-F8E55C2A6CFE}.Release|Any CPU.ActiveCfg = Release|Any CPU
		{786915CE-D6EA-4821-AA36-F8E55C2A6CFE}.Release|Any CPU.Build.0 = Release|Any CPU
	EndGlobalSection
	GlobalSection(SolutionProperties) = preSolution
		HideSolutionNode = FALSE
	EndGlobalSection
	GlobalSection(ExtensibilityGlobals) = postSolution
		SolutionGuid = {68D9E154-D58A-4CF9-8917-68AAFC915CC1}
	EndGlobalSection
EndGlobal
